// !$*UTF8*$!
{
	archiveVersion = 1;
	classes = {
	};
	objectVersion = 46;
	objects = {

/* Begin PBXBuildFile section */
		16280EF51D62BC2B0071F1D9 /* main.m in Sources */ = {isa = PBXBuildFile; fileRef = 16280EF41D62BC2B0071F1D9 /* main.m */; };
		16280EF81D62BC2B0071F1D9 /* AppDelegate.m in Sources */ = {isa = PBXBuildFile; fileRef = 16280EF71D62BC2B0071F1D9 /* AppDelegate.m */; };
		16280EFB1D62BC2B0071F1D9 /* ViewController.m in Sources */ = {isa = PBXBuildFile; fileRef = 16280EFA1D62BC2B0071F1D9 /* ViewController.m */; };
		16280EFE1D62BC2B0071F1D9 /* Main.storyboard in Resources */ = {isa = PBXBuildFile; fileRef = 16280EFC1D62BC2B0071F1D9 /* Main.storyboard */; };
		16280F001D62BC2B0071F1D9 /* Assets.xcassets in Resources */ = {isa = PBXBuildFile; fileRef = 16280EFF1D62BC2B0071F1D9 /* Assets.xcassets */; };
		16280F031D62BC2B0071F1D9 /* LaunchScreen.storyboard in Resources */ = {isa = PBXBuildFile; fileRef = 16280F011D62BC2B0071F1D9 /* LaunchScreen.storyboard */; };
		16280F0E1D62BC2B0071F1D9 /* ScrollWithNavTests.m in Sources */ = {isa = PBXBuildFile; fileRef = 16280F0D1D62BC2B0071F1D9 /* ScrollWithNavTests.m */; };
		16280F191D62BC2B0071F1D9 /* ScrollWithNavUITests.m in Sources */ = {isa = PBXBuildFile; fileRef = 16280F181D62BC2B0071F1D9 /* ScrollWithNavUITests.m */; };
/* End PBXBuildFile section */

/* Begin PBXContainerItemProxy section */
		16280F0A1D62BC2B0071F1D9 /* PBXContainerItemProxy */ = {
			isa = PBXContainerItemProxy;
			containerPortal = 16280EE81D62BC2B0071F1D9 /* Project object */;
			proxyType = 1;
			remoteGlobalIDString = 16280EEF1D62BC2B0071F1D9;
			remoteInfo = ScrollWithNav;
		};
		16280F151D62BC2B0071F1D9 /* PBXContainerItemProxy */ = {
			isa = PBXContainerItemProxy;
			containerPortal = 16280EE81D62BC2B0071F1D9 /* Project object */;
			proxyType = 1;
			remoteGlobalIDString = 16280EEF1D62BC2B0071F1D9;
			remoteInfo = ScrollWithNav;
		};
/* End PBXContainerItemProxy section */

/* Begin PBXFileReference section */
		16280EF01D62BC2B0071F1D9 /* ScrollWithNav.app */ = {isa = PBXFileReference; explicitFileType = wrapper.application; includeInIndex = 0; path = ScrollWithNav.app; sourceTree = BUILT_PRODUCTS_DIR; };
		16280EF41D62BC2B0071F1D9 /* main.m */ = {isa = PBXFileReference; lastKnownFileType = sourcecode.c.objc; path = main.m; sourceTree = "<group>"; };
		16280EF61D62BC2B0071F1D9 /* AppDelegate.h */ = {isa = PBXFileReference; lastKnownFileType = sourcecode.c.h; path = AppDelegate.h; sourceTree = "<group>"; };
		16280EF71D62BC2B0071F1D9 /* AppDelegate.m */ = {isa = PBXFileReference; lastKnownFileType = sourcecode.c.objc; path = AppDelegate.m; sourceTree = "<group>"; };
		16280EF91D62BC2B0071F1D9 /* ViewController.h */ = {isa = PBXFileReference; lastKnownFileType = sourcecode.c.h; path = ViewController.h; sourceTree = "<group>"; };
		16280EFA1D62BC2B0071F1D9 /* ViewController.m */ = {isa = PBXFileReference; lastKnownFileType = sourcecode.c.objc; path = ViewController.m; sourceTree = "<group>"; };
		16280EFD1D62BC2B0071F1D9 /* Base */ = {isa = PBXFileReference; lastKnownFileType = file.storyboard; name = Base; path = Base.lproj/Main.storyboard; sourceTree = "<group>"; };
		16280EFF1D62BC2B0071F1D9 /* Assets.xcassets */ = {isa = PBXFileReference; lastKnownFileType = folder.assetcatalog; path = Assets.xcassets; sourceTree = "<group>"; };
		16280F021D62BC2B0071F1D9 /* Base */ = {isa = PBXFileReference; lastKnownFileType = file.storyboard; name = Base; path = Base.lproj/LaunchScreen.storyboard; sourceTree = "<group>"; };
		16280F041D62BC2B0071F1D9 /* Info.plist */ = {isa = PBXFileReference; lastKnownFileType = text.plist.xml; path = Info.plist; sourceTree = "<group>"; };
		16280F091D62BC2B0071F1D9 /* ScrollWithNavTests.xctest */ = {isa = PBXFileReference; explicitFileType = wrapper.cfbundle; includeInIndex = 0; path = ScrollWithNavTests.xctest; sourceTree = BUILT_PRODUCTS_DIR; };
		16280F0D1D62BC2B0071F1D9 /* ScrollWithNavTests.m */ = {isa = PBXFileReference; lastKnownFileType = sourcecode.c.objc; path = ScrollWithNavTests.m; sourceTree = "<group>"; };
		16280F0F1D62BC2B0071F1D9 /* Info.plist */ = {isa = PBXFileReference; lastKnownFileType = text.plist.xml; path = Info.plist; sourceTree = "<group>"; };
		16280F141D62BC2B0071F1D9 /* ScrollWithNavUITests.xctest */ = {isa = PBXFileReference; explicitFileType = wrapper.cfbundle; includeInIndex = 0; path = ScrollWithNavUITests.xctest; sourceTree = BUILT_PRODUCTS_DIR; };
		16280F181D62BC2B0071F1D9 /* ScrollWithNavUITests.m */ = {isa = PBXFileReference; lastKnownFileType = sourcecode.c.objc; path = ScrollWithNavUITests.m; sourceTree = "<group>"; };
		16280F1A1D62BC2B0071F1D9 /* Info.plist */ = {isa = PBXFileReference; lastKnownFileType = text.plist.xml; path = Info.plist; sourceTree = "<group>"; };
/* End PBXFileReference section */

/* Begin PBXFrameworksBuildPhase section */
		16280EED1D62BC2B0071F1D9 /* Frameworks */ = {
			isa = PBXFrameworksBuildPhase;
			buildActionMask = 2147483647;
			files = (
			);
			runOnlyForDeploymentPostprocessing = 0;
		};
		16280F061D62BC2B0071F1D9 /* Frameworks */ = {
			isa = PBXFrameworksBuildPhase;
			buildActionMask = 2147483647;
			files = (
			);
			runOnlyForDeploymentPostprocessing = 0;
		};
		16280F111D62BC2B0071F1D9 /* Frameworks */ = {
			isa = PBXFrameworksBuildPhase;
			buildActionMask = 2147483647;
			files = (
			);
			runOnlyForDeploymentPostprocessing = 0;
		};
/* End PBXFrameworksBuildPhase section */

/* Begin PBXGroup section */
		16280EE71D62BC2B0071F1D9 = {
			isa = PBXGroup;
			children = (
				16280EF21D62BC2B0071F1D9 /* ScrollWithNav */,
				16280F0C1D62BC2B0071F1D9 /* ScrollWithNavTests */,
				16280F171D62BC2B0071F1D9 /* ScrollWithNavUITests */,
				16280EF11D62BC2B0071F1D9 /* Products */,
			);
			sourceTree = "<group>";
		};
		16280EF11D62BC2B0071F1D9 /* Products */ = {
			isa = PBXGroup;
			children = (
				16280EF01D62BC2B0071F1D9 /* ScrollWithNav.app */,
				16280F091D62BC2B0071F1D9 /* ScrollWithNavTests.xctest */,
				16280F141D62BC2B0071F1D9 /* ScrollWithNavUITests.xctest */,
			);
			name = Products;
			sourceTree = "<group>";
		};
		16280EF21D62BC2B0071F1D9 /* ScrollWithNav */ = {
			isa = PBXGroup;
			children = (
				16280EF61D62BC2B0071F1D9 /* AppDelegate.h */,
				16280EF71D62BC2B0071F1D9 /* AppDelegate.m */,
				16280EF91D62BC2B0071F1D9 /* ViewController.h */,
				16280EFA1D62BC2B0071F1D9 /* ViewController.m */,
				16280EFC1D62BC2B0071F1D9 /* Main.storyboard */,
				16280EFF1D62BC2B0071F1D9 /* Assets.xcassets */,
				16280F011D62BC2B0071F1D9 /* LaunchScreen.storyboard */,
				16280F041D62BC2B0071F1D9 /* Info.plist */,
				16280EF31D62BC2B0071F1D9 /* Supporting Files */,
			);
			path = ScrollWithNav;
			sourceTree = "<group>";
		};
		16280EF31D62BC2B0071F1D9 /* Supporting Files */ = {
			isa = PBXGroup;
			children = (
				16280EF41D62BC2B0071F1D9 /* main.m */,
			);
			name = "Supporting Files";
			sourceTree = "<group>";
		};
		16280F0C1D62BC2B0071F1D9 /* ScrollWithNavTests */ = {
			isa = PBXGroup;
			children = (
				16280F0D1D62BC2B0071F1D9 /* ScrollWithNavTests.m */,
				16280F0F1D62BC2B0071F1D9 /* Info.plist */,
			);
			path = ScrollWithNavTests;
			sourceTree = "<group>";
		};
		16280F171D62BC2B0071F1D9 /* ScrollWithNavUITests */ = {
			isa = PBXGroup;
			children = (
				16280F181D62BC2B0071F1D9 /* ScrollWithNavUITests.m */,
				16280F1A1D62BC2B0071F1D9 /* Info.plist */,
			);
			path = ScrollWithNavUITests;
			sourceTree = "<group>";
		};
/* End PBXGroup section */

/* Begin PBXNativeTarget section */
		16280EEF1D62BC2B0071F1D9 /* ScrollWithNav */ = {
			isa = PBXNativeTarget;
			buildConfigurationList = 16280F1D1D62BC2B0071F1D9 /* Build configuration list for PBXNativeTarget "ScrollWithNav" */;
			buildPhases = (
				16280EEC1D62BC2B0071F1D9 /* Sources */,
				16280EED1D62BC2B0071F1D9 /* Frameworks */,
				16280EEE1D62BC2B0071F1D9 /* Resources */,
			);
			buildRules = (
			);
			dependencies = (
			);
			name = ScrollWithNav;
			productName = ScrollWithNav;
			productReference = 16280EF01D62BC2B0071F1D9 /* ScrollWithNav.app */;
			productType = "com.apple.product-type.application";
		};
		16280F081D62BC2B0071F1D9 /* ScrollWithNavTests */ = {
			isa = PBXNativeTarget;
			buildConfigurationList = 16280F201D62BC2B0071F1D9 /* Build configuration list for PBXNativeTarget "ScrollWithNavTests" */;
			buildPhases = (
				16280F051D62BC2B0071F1D9 /* Sources */,
				16280F061D62BC2B0071F1D9 /* Frameworks */,
				16280F071D62BC2B0071F1D9 /* Resources */,
			);
			buildRules = (
			);
			dependencies = (
				16280F0B1D62BC2B0071F1D9 /* PBXTargetDependency */,
			);
			name = ScrollWithNavTests;
			productName = ScrollWithNavTests;
			productReference = 16280F091D62BC2B0071F1D9 /* ScrollWithNavTests.xctest */;
			productType = "com.apple.product-type.bundle.unit-test";
		};
		16280F131D62BC2B0071F1D9 /* ScrollWithNavUITests */ = {
			isa = PBXNativeTarget;
			buildConfigurationList = 16280F231D62BC2B0071F1D9 /* Build configuration list for PBXNativeTarget "ScrollWithNavUITests" */;
			buildPhases = (
				16280F101D62BC2B0071F1D9 /* Sources */,
				16280F111D62BC2B0071F1D9 /* Frameworks */,
				16280F121D62BC2B0071F1D9 /* Resources */,
			);
			buildRules = (
			);
			dependencies = (
				16280F161D62BC2B0071F1D9 /* PBXTargetDependency */,
			);
			name = ScrollWithNavUITests;
			productName = ScrollWithNavUITests;
			productReference = 16280F141D62BC2B0071F1D9 /* ScrollWithNavUITests.xctest */;
			productType = "com.apple.product-type.bundle.ui-testing";
		};
/* End PBXNativeTarget section */

/* Begin PBXProject section */
		16280EE81D62BC2B0071F1D9 /* Project object */ = {
			isa = PBXProject;
			attributes = {
				LastUpgradeCheck = 0720;
				ORGANIZATIONNAME = appleLi;
				TargetAttributes = {
					16280EEF1D62BC2B0071F1D9 = {
						CreatedOnToolsVersion = 7.2;
					};
					16280F081D62BC2B0071F1D9 = {
						CreatedOnToolsVersion = 7.2;
						TestTargetID = 16280EEF1D62BC2B0071F1D9;
					};
					16280F131D62BC2B0071F1D9 = {
						CreatedOnToolsVersion = 7.2;
						TestTargetID = 16280EEF1D62BC2B0071F1D9;
					};
				};
			};
			buildConfigurationList = 16280EEB1D62BC2B0071F1D9 /* Build configuration list for PBXProject "ScrollWithNav" */;
			compatibilityVersion = "Xcode 3.2";
			developmentRegion = English;
			hasScannedForEncodings = 0;
			knownRegions = (
				en,
				Base,
			);
			mainGroup = 16280EE71D62BC2B0071F1D9;
			productRefGroup = 16280EF11D62BC2B0071F1D9 /* Products */;
			projectDirPath = "";
			projectRoot = "";
			targets = (
				16280EEF1D62BC2B0071F1D9 /* ScrollWithNav */,
				16280F081D62BC2B0071F1D9 /* ScrollWithNavTests */,
				16280F131D62BC2B0071F1D9 /* ScrollWithNavUITests */,
			);
		};
/* End PBXProject section */

/* Begin PBXResourcesBuildPhase section */
		16280EEE1D62BC2B0071F1D9 /* Resources */ = {
			isa = PBXResourcesBuildPhase;
			buildActionMask = 2147483647;
			files = (
				16280F031D62BC2B0071F1D9 /* LaunchScreen.storyboard in Resources */,
				16280F001D62BC2B0071F1D9 /* Assets.xcassets in Resources */,
				16280EFE1D62BC2B0071F1D9 /* Main.storyboard in Resources */,
			);
			runOnlyForDeploymentPostprocessing = 0;
		};
		16280F071D62BC2B0071F1D9 /* Resources */ = {
			isa = PBXResourcesBuildPhase;
			buildActionMask = 2147483647;
			files = (
			);
			runOnlyForDeploymentPostprocessing = 0;
		};
		16280F121D62BC2B0071F1D9 /* Resources */ = {
			isa = PBXResourcesBuildPhase;
			buildActionMask = 2147483647;
			files = (
			);
			runOnlyForDeploymentPostprocessing = 0;
		};
/* End PBXResourcesBuildPhase section */

/* Begin PBXSourcesBuildPhase section */
		16280EEC1D62BC2B0071F1D9 /* Sources */ = {
			isa = PBXSourcesBuildPhase;
			buildActionMask = 2147483647;
			files = (
				16280EFB1D62BC2B0071F1D9 /* ViewController.m in Sources */,
				16280EF81D62BC2B0071F1D9 /* AppDelegate.m in Sources */,
				16280EF51D62BC2B0071F1D9 /* main.m in Sources */,
			);
			runOnlyForDeploymentPostprocessing = 0;
		};
		16280F051D62BC2B0071F1D9 /* Sources */ = {
			isa = PBXSourcesBuildPhase;
			buildActionMask = 2147483647;
			files = (
				16280F0E1D62BC2B0071F1D9 /* ScrollWithNavTests.m in Sources */,
			);
			runOnlyForDeploymentPostprocessing = 0;
		};
		16280F101D62BC2B0071F1D9 /* Sources */ = {
			isa = PBXSourcesBuildPhase;
			buildActionMask = 2147483647;
			files = (
				16280F191D62BC2B0071F1D9 /* ScrollWithNavUITests.m in Sources */,
			);
			runOnlyForDeploymentPostprocessing = 0;
		};
/* End PBXSourcesBuildPhase section */

/* Begin PBXTargetDependency section */
		16280F0B1D62BC2B0071F1D9 /* PBXTargetDependency */ = {
			isa = PBXTargetDependency;
			target = 16280EEF1D62BC2B0071F1D9 /* ScrollWithNav */;
			targetProxy = 16280F0A1D62BC2B0071F1D9 /* PBXContainerItemProxy */;
		};
		16280F161D62BC2B0071F1D9 /* PBXTargetDependency */ = {
			isa = PBXTargetDependency;
			target = 16280EEF1D62BC2B0071F1D9 /* ScrollWithNav */;
			targetProxy = 16280F151D62BC2B0071F1D9 /* PBXContainerItemProxy */;
		};
/* End PBXTargetDependency section */

/* Begin PBXVariantGroup section */
		16280EFC1D62BC2B0071F1D9 /* Main.storyboard */ = {
			isa = PBXVariantGroup;
			children = (
				16280EFD1D62BC2B0071F1D9 /* Base */,
			);
			name = Main.storyboard;
			sourceTree = "<group>";
		};
		16280F011D62BC2B0071F1D9 /* LaunchScreen.storyboard */ = {
			isa = PBXVariantGroup;
			children = (
				16280F021D62BC2B0071F1D9 /* Base */,
			);
			name = LaunchScreen.storyboard;
			sourceTree = "<group>";
		};
/* End PBXVariantGroup section */

/* Begin XCBuildConfiguration section */
		16280F1B1D62BC2B0071F1D9 /* Debug */ = {
			isa = XCBuildConfiguration;
			buildSettings = {
				ALWAYS_SEARCH_USER_PATHS = NO;
				CLANG_CXX_LANGUAGE_STANDARD = "gnu++0x";
				CLANG_CXX_LIBRARY = "libc++";
				CLANG_ENABLE_MODULES = YES;
				CLANG_ENABLE_OBJC_ARC = YES;
				CLANG_WARN_BOOL_CONVERSION = YES;
				CLANG_WARN_CONSTANT_CONVERSION = YES;
				CLANG_WARN_DIRECT_OBJC_ISA_USAGE = YES_ERROR;
				CLANG_WARN_EMPTY_BODY = YES;
				CLANG_WARN_ENUM_CONVERSION = YES;
				CLANG_WARN_INT_CONVERSION = YES;
				CLANG_WARN_OBJC_ROOT_CLASS = YES_ERROR;
				CLANG_WARN_UNREACHABLE_CODE = YES;
				CLANG_WARN__DUPLICATE_METHOD_MATCH = YES;
				"CODE_SIGN_IDENTITY[sdk=iphoneos*]" = "iPhone Developer";
				COPY_PHASE_STRIP = NO;
				DEBUG_INFORMATION_FORMAT = dwarf;
				ENABLE_STRICT_OBJC_MSGSEND = YES;
				ENABLE_TESTABILITY = YES;
				GCC_C_LANGUAGE_STANDARD = gnu99;
				GCC_DYNAMIC_NO_PIC = NO;
				GCC_NO_COMMON_BLOCKS = YES;
				GCC_OPTIMIZATION_LEVEL = 0;
				GCC_PREPROCESSOR_DEFINITIONS = (
					"DEBUG=1",
					"$(inherited)",
				);
				GCC_WARN_64_TO_32_BIT_CONVERSION = YES;
				GCC_WARN_ABOUT_RETURN_TYPE = YES_ERROR;
				GCC_WARN_UNDECLARED_SELECTOR = YES;
				GCC_WARN_UNINITIALIZED_AUTOS = YES_AGGRESSIVE;
				GCC_WARN_UNUSED_FUNCTION = YES;
				GCC_WARN_UNUSED_VARIABLE = YES;
				IPHONEOS_DEPLOYMENT_TARGET = 9.2;
				MTL_ENABLE_DEBUG_INFO = YES;
				ONLY_ACTIVE_ARCH = YES;
				SDKROOT = iphoneos;
				TARGETED_DEVICE_FAMILY = "1,2";
			};
			name = Debug;
		};
		16280F1C1D62BC2B0071F1D9 /* Release */ = {
			isa = XCBuildConfiguration;
			buildSettings = {
				ALWAYS_SEARCH_USER_PATHS = NO;
				CLANG_CXX_LANGUAGE_STANDARD = "gnu++0x";
				CLANG_CXX_LIBRARY = "libc++";
				CLANG_ENABLE_MODULES = YES;
				CLANG_ENABLE_OBJC_ARC = YES;
				CLANG_WARN_BOOL_CONVERSION = YES;
				CLANG_WARN_CONSTANT_CONVERSION = YES;
				CLANG_WARN_DIRECT_OBJC_ISA_USAGE = YES_ERROR;
				CLANG_WARN_EMPTY_BODY = YES;
				CLANG_WARN_ENUM_CONVERSION = YES;
				CLANG_WARN_INT_CONVERSION = YES;
				CLANG_WARN_OBJC_ROOT_CLASS = YES_ERROR;
				CLANG_WARN_UNREACHABLE_CODE = YES;
				CLANG_WARN__DUPLICATE_METHOD_MATCH = YES;
				"CODE_SIGN_IDENTITY[sdk=iphoneos*]" = "iPhone Developer";
				COPY_PHASE_STRIP = NO;
				DEBUG_INFORMATION_FORMAT = "dwarf-with-dsym";
				ENABLE_NS_ASSERTIONS = NO;
				ENABLE_STRICT_OBJC_MSGSEND = YES;
				GCC_C_LANGUAGE_STANDARD = gnu99;
				GCC_NO_COMMON_BLOCKS = YES;
				GCC_WARN_64_TO_32_BIT_CONVERSION = YES;
				GCC_WARN_ABOUT_RETURN_TYPE = YES_ERROR;
				GCC_WARN_UNDECLARED_SELECTOR = YES;
				GCC_WARN_UNINITIALIZED_AUTOS = YES_AGGRESSIVE;
				GCC_WARN_UNUSED_FUNCTION = YES;
				GCC_WARN_UNUSED_VARIABLE = YES;
				IPHONEOS_DEPLOYMENT_TARGET = 9.2;
				MTL_ENABLE_DEBUG_INFO = NO;
				SDKROOT = iphoneos;
				TARGETED_DEVICE_FAMILY = "1,2";
				VALIDATE_PRODUCT = YES;
			};
			name = Release;
		};
		16280F1E1D62BC2B0071F1D9 /* Debug */ = {
			isa = XCBuildConfiguration;
			buildSettings = {
				ASSETCATALOG_COMPILER_APPICON_NAME = AppIcon;
				INFOPLIST_FILE = ScrollWithNav/Info.plist;
				LD_RUNPATH_SEARCH_PATHS = "$(inherited) @executable_path/Frameworks";
				PRODUCT_BUNDLE_IDENTIFIER = appleLi.ScrollWithNav;
				PRODUCT_NAME = "$(TARGET_NAME)";
			};
			name = Debug;
		};
		16280F1F1D62BC2B0071F1D9 /* Release */ = {
			isa = XCBuildConfiguration;
			buildSettings = {
				ASSETCATALOG_COMPILER_APPICON_NAME = AppIcon;
				INFOPLIST_FILE = ScrollWithNav/Info.plist;
				LD_RUNPATH_SEARCH_PATHS = "$(inherited) @executable_path/Frameworks";
				PRODUCT_BUNDLE_IDENTIFIER = appleLi.ScrollWithNav;
				PRODUCT_NAME = "$(TARGET_NAME)";
			};
			name = Release;
		};
		16280F211D62BC2B0071F1D9 /* Debug */ = {
			isa = XCBuildConfiguration;
			buildSettings = {
				BUNDLE_LOADER = "$(TEST_HOST)";
				INFOPLIST_FILE = ScrollWithNavTests/Info.plist;
				LD_RUNPATH_SEARCH_PATHS = "$(inherited) @executable_path/Frameworks @loader_path/Frameworks";
				PRODUCT_BUNDLE_IDENTIFIER = appleLi.ScrollWithNavTests;
				PRODUCT_NAME = "$(TARGET_NAME)";
				TEST_HOST = "$(BUILT_PRODUCTS_DIR)/ScrollWithNav.app/ScrollWithNav";
			};
			name = Debug;
		};
		16280F221D62BC2B0071F1D9 /* Release */ = {
			isa = XCBuildConfiguration;
			buildSettings = {
				BUNDLE_LOADER = "$(TEST_HOST)";
				INFOPLIST_FILE = ScrollWithNavTests/Info.plist;
				LD_RUNPATH_SEARCH_PATHS = "$(inherited) @executable_path/Frameworks @loader_path/Frameworks";
				PRODUCT_BUNDLE_IDENTIFIER = appleLi.ScrollWithNavTests;
				PRODUCT_NAME = "$(TARGET_NAME)";
				TEST_HOST = "$(BUILT_PRODUCTS_DIR)/ScrollWithNav.app/ScrollWithNav";
			};
			name = Release;
		};
		16280F241D62BC2B0071F1D9 /* Debug */ = {
			isa = XCBuildConfiguration;
			buildSettings = {
				INFOPLIST_FILE = ScrollWithNavUITests/Info.plist;
				LD_RUNPATH_SEARCH_PATHS = "$(inherited) @executable_path/Frameworks @loader_path/Frameworks";
				PRODUCT_BUNDLE_IDENTIFIER = appleLi.ScrollWithNavUITests;
				PRODUCT_NAME = "$(TARGET_NAME)";
				TEST_TARGET_NAME = ScrollWithNav;
				USES_XCTRUNNER = YES;
			};
			name = Debug;
		};
		16280F251D62BC2B0071F1D9 /* Release */ = {
			isa = XCBuildConfiguration;
			buildSettings = {
				INFOPLIST_FILE = ScrollWithNavUITests/Info.plist;
				LD_RUNPATH_SEARCH_PATHS = "$(inherited) @executable_path/Frameworks @loader_path/Frameworks";
				PRODUCT_BUNDLE_IDENTIFIER = appleLi.ScrollWithNavUITests;
				PRODUCT_NAME = "$(TARGET_NAME)";
				TEST_TARGET_NAME = ScrollWithNav;
				USES_XCTRUNNER = YES;
			};
			name = Release;
		};
/* End XCBuildConfiguration section */

/* Begin XCConfigurationList section */
		16280EEB1D62BC2B0071F1D9 /* Build configuration list for PBXProject "ScrollWithNav" */ = {
			isa = XCConfigurationList;
			buildConfigurations = (
				16280F1B1D62BC2B0071F1D9 /* Debug */,
				16280F1C1D62BC2B0071F1D9 /* Release */,
			);
			defaultConfigurationIsVisible = 0;
			defaultConfigurationName = Release;
		};
		16280F1D1D62BC2B0071F1D9 /* Build configuration list for PBXNativeTarget "ScrollWithNav" */ = {
			isa = XCConfigurationList;
			buildConfigurations = (
				16280F1E1D62BC2B0071F1D9 /* Debug */,
				16280F1F1D62BC2B0071F1D9 /* Release */,
			);
			defaultConfigurationIsVisible = 0;
		};
		16280F201D62BC2B0071F1D9 /* Build configuration list for PBXNativeTarget "ScrollWithNavTests" */ = {
			isa = XCConfigurationList;
			buildConfigurations = (
				16280F211D62BC2B0071F1D9 /* Debug */,
				16280F221D62BC2B0071F1D9 /* Release */,
			);
			defaultConfigurationIsVisible = 0;
		};
		16280F231D62BC2B0071F1D9 /* Build configuration list for PBXNativeTarget "ScrollWithNavUITests" */ = {
			isa = XCConfigurationList;
			buildConfigurations = (
				16280F241D62BC2B0071F1D9 /* Debug */,
				16280F251D62BC2B0071F1D9 /* Release */,
			);
			defaultConfigurationIsVisible = 0;
		};
/* End XCConfigurationList section */
	};
	rootObject = 16280EE81D62BC2B0071F1D9 /* Project object */;
}
